{
	"name": "qieyun-text-label",
	"lockfileVersion": 2,
	"requires": true,
	"packages": {
		"": {
			"devDependencies": {
				"qieyun": "syimyuzya/qieyun-js#dist-dev"
			}
		},
		"node_modules/qieyun": {
			"version": "0.13.0-beta",
			"resolved": "git+ssh://git@github.com/syimyuzya/qieyun-js.git#18917687e52d013cfca138ba4a6a13a3d1942c9b",
			"dev": true,
			"license": "CC0-1.0",
			"engines": {
				"node": ">=12"
			}
		}
	},
	"dependencies": {
		"qieyun": {
			"version": "git+ssh://git@github.com/syimyuzya/qieyun-js.git#18917687e52d013cfca138ba4a6a13a3d1942c9b",
			"dev": true,
			"from": "qieyun@syimyuzya/qieyun-js#dist-dev"
		}
	}
}
