{
	"name": "qieyun-text-label",
	"lockfileVersion": 2,
	"requires": true,
	"packages": {
		"": {
			"devDependencies": {
				"qieyun": "^0.15.0-beta.1"
			}
		},
		"node_modules/qieyun": {
			"version": "0.15.0-beta.1",
			"resolved": "https://registry.npmjs.org/qieyun/-/qieyun-0.15.0-beta.1.tgz",
			"integrity": "sha512-GCHNsw5oP1S7SSiYox5UH0/U+FCvPifsor/G5CgSRQkVUcpgObQiIYG/yKaNaIsfRAYQHmuxqC2knKC5Wj2D+w==",
			"dev": true,
			"license": "MIT",
			"engines": {
				"node": "^18.18 || ^20.9 || ^21 || >=22"
			}
		}
	},
	"dependencies": {
		"qieyun": {
			"version": "0.15.0-beta.1",
			"resolved": "https://registry.npmjs.org/qieyun/-/qieyun-0.15.0-beta.1.tgz",
			"integrity": "sha512-GCHNsw5oP1S7SSiYox5UH0/U+FCvPifsor/G5CgSRQkVUcpgObQiIYG/yKaNaIsfRAYQHmuxqC2knKC5Wj2D+w==",
			"dev": true
		}
	}
}
